
Microsoft Visual Studio Solution File, Format Version 12.00
# Visual Studio Version 17
VisualStudioVersion = 17.6.33829.357
MinimumVisualStudioVersion = 10.0.40219.1
Project("{FAE04EC0-301F-11D3-BF4B-00C04F79EFBC}") = "GameTreasury", "GameTreasury\GameTreasury.csproj", "{8A95E004-F9D6-4CD1-9961-DC0AD6FDC9AA}"
EndProject
Global
	GlobalSection(SolutionConfigurationPlatforms) = preSolution
		Debug|Any CPU = Debug|Any CPU
		Release|Any CPU = Release|Any CPU
	EndGlobalSection
	GlobalSection(ProjectConfigurationPlatforms) = postSolution
		{8A95E004-F9D6-4CD1-9961-DC0AD6FDC9AA}.Debug|Any CPU.ActiveCfg = Debug|Any CPU
		{8A95E004-F9D6-4CD1-9961-DC0AD6FDC9AA}.Debug|Any CPU.Build.0 = Debug|Any CPU
		{8A95E004-F9D6-4CD1-9961-DC0AD6FDC9AA}.Release|Any CPU.ActiveCfg = Release|Any CPU
		{8A95E004-F9D6-4CD1-9961-DC0AD6FDC9AA}.Release|Any CPU.Build.0 = Release|Any CPU
	EndGlobalSection
	GlobalSection(SolutionProperties) = preSolution
		HideSolutionNode = FALSE
	EndGlobalSection
	GlobalSection(ExtensibilityGlobals) = postSolution
		SolutionGuid = {1AFF668E-B31D-4448-858B-C6AD36EB206D}
	EndGlobalSection
EndGlobal
